
Microsoft Visual Studio Solution File, Format Version 11.00
# Visual Studio 2010
Project("{FAE04EC0-301F-11D3-BF4B-00C04F79EFBC}") = "KChangeLogger", "KChangeLogger\KChangeLogger.csproj", "{7B2AC819-BCCF-4F9C-ADE6-A70A830A8B7E}"
EndProject
Project("{54435603-DBB4-11D2-8724-00A0C9A8B90C}") = "KChangeSetup", "KChangeSetup\KChangeSetup.vdproj", "{E7420045-0B3A-498F-93F6-B8D725CB7336}"
EndProject
Global
	GlobalSection(SolutionConfigurationPlatforms) = preSolution
		Debug|x86 = Debug|x86
		Release|x86 = Release|x86
	EndGlobalSection
	GlobalSection(ProjectConfigurationPlatforms) = postSolution
		{7B2AC819-BCCF-4F9C-ADE6-A70A830A8B7E}.Debug|x86.ActiveCfg = Debug|x86
		{7B2AC819-BCCF-4F9C-ADE6-A70A830A8B7E}.Debug|x86.Build.0 = Debug|x86
		{7B2AC819-BCCF-4F9C-ADE6-A70A830A8B7E}.Release|x86.ActiveCfg = Release|x86
		{7B2AC819-BCCF-4F9C-ADE6-A70A830A8B7E}.Release|x86.Build.0 = Release|x86
		{E7420045-0B3A-498F-93F6-B8D725CB7336}.Debug|x86.ActiveCfg = Debug
		{E7420045-0B3A-498F-93F6-B8D725CB7336}.Release|x86.ActiveCfg = Release
	EndGlobalSection
	GlobalSection(SolutionProperties) = preSolution
		HideSolutionNode = FALSE
	EndGlobalSection
EndGlobal
